
Microsoft Visual Studio Solution File, Format Version 12.00
# Visual Studio Version 17
VisualStudioVersion = 17.10.34916.146
MinimumVisualStudioVersion = 10.0.40219.1
Project("{9A19103F-16F7-4668-BE54-9A1E7A4F7556}") = "AvaloniaApp", "AvaloniaApp\AvaloniaApp.csproj", "{3D1F4877-0B9D-4D2E-BA55-2527FB5F6552}"
EndProject
Project("{9A19103F-16F7-4668-BE54-9A1E7A4F7556}") = "IconPacks.Avalonia.Core", "IconPacks.Avalonia.Core\IconPacks.Avalonia.Core.csproj", "{870C9AFF-CB82-4A6B-BB0B-7AE19B43A766}"
EndProject
Project("{2150E333-8FDC-42A3-9474-1A3956D46DE8}") = "Solution Items", "Solution Items", "{8AA3A5E7-A687-4781-9416-E96489E4C781}"
	ProjectSection(SolutionItems) = preProject
		..\.editorconfig = ..\.editorconfig
	EndProjectSection
EndProject
Project("{9A19103F-16F7-4668-BE54-9A1E7A4F7556}") = "IconPacks.Avalonia.BoxIcons", "IconPacks.Avalonia.BoxIcons\IconPacks.Avalonia.BoxIcons.csproj", "{0159372E-46AA-4886-B346-4AA74B26D613}"
EndProject
Project("{9A19103F-16F7-4668-BE54-9A1E7A4F7556}") = "IconPacks.Avalonia", "IconPacks.Avalonia\IconPacks.Avalonia.csproj", "{49ECE319-789D-4A0C-9CAF-D79CF6BFEB48}"
EndProject
Project("{FAE04EC0-301F-11D3-BF4B-00C04F79EFBC}") = "MahApps.IconPacksBrowser.Avalonia", "MahApps.IconPacksBrowser.Avalonia\MahApps.IconPacksBrowser.Avalonia\MahApps.IconPacksBrowser.Avalonia.csproj", "{B04B040D-16F4-4B13-87FF-F3D5458192D9}"
EndProject
Project("{FAE04EC0-301F-11D3-BF4B-00C04F79EFBC}") = "MahApps.IconPacksBrowser.Avalonia.Android", "MahApps.IconPacksBrowser.Avalonia\MahApps.IconPacksBrowser.Avalonia.Android\MahApps.IconPacksBrowser.Avalonia.Android.csproj", "{62247BA0-E3C7-40D9-9B45-059FF0861FED}"
EndProject
Project("{FAE04EC0-301F-11D3-BF4B-00C04F79EFBC}") = "MahApps.IconPacksBrowser.Avalonia.Desktop", "MahApps.IconPacksBrowser.Avalonia\MahApps.IconPacksBrowser.Avalonia.Desktop\MahApps.IconPacksBrowser.Avalonia.Desktop.csproj", "{FCC36E30-BE04-4C70-A27E-6C34FB3DF99D}"
EndProject
Project("{FAE04EC0-301F-11D3-BF4B-00C04F79EFBC}") = "MahApps.IconPacksBrowser.Avalonia.iOS", "MahApps.IconPacksBrowser.Avalonia\MahApps.IconPacksBrowser.Avalonia.iOS\MahApps.IconPacksBrowser.Avalonia.iOS.csproj", "{865C5B7C-FFB5-47EB-AE35-F02A3C5BB0D2}"
EndProject
Project("{FAE04EC0-301F-11D3-BF4B-00C04F79EFBC}") = "MahApps.IconPacksBrowser.Avalonia.Browser", "MahApps.IconPacksBrowser.Avalonia\MahApps.IconPacksBrowser.Avalonia.Browser\MahApps.IconPacksBrowser.Avalonia.Browser.csproj", "{B7F2176C-B9F4-44B1-8DD5-369C5AEE41BB}"
EndProject
Global
	GlobalSection(SolutionConfigurationPlatforms) = preSolution
		Debug|Any CPU = Debug|Any CPU
		Debug|x64 = Debug|x64
		Debug|x86 = Debug|x86
		Release|Any CPU = Release|Any CPU
		Release|x64 = Release|x64
		Release|x86 = Release|x86
	EndGlobalSection
	GlobalSection(ProjectConfigurationPlatforms) = postSolution
		{3D1F4877-0B9D-4D2E-BA55-2527FB5F6552}.Debug|Any CPU.ActiveCfg = Debug|Any CPU
		{3D1F4877-0B9D-4D2E-BA55-2527FB5F6552}.Debug|Any CPU.Build.0 = Debug|Any CPU
		{3D1F4877-0B9D-4D2E-BA55-2527FB5F6552}.Debug|x64.ActiveCfg = Debug|Any CPU
		{3D1F4877-0B9D-4D2E-BA55-2527FB5F6552}.Debug|x64.Build.0 = Debug|Any CPU
		{3D1F4877-0B9D-4D2E-BA55-2527FB5F6552}.Debug|x86.ActiveCfg = Debug|Any CPU
		{3D1F4877-0B9D-4D2E-BA55-2527FB5F6552}.Debug|x86.Build.0 = Debug|Any CPU
		{3D1F4877-0B9D-4D2E-BA55-2527FB5F6552}.Release|Any CPU.ActiveCfg = Release|Any CPU
		{3D1F4877-0B9D-4D2E-BA55-2527FB5F6552}.Release|Any CPU.Build.0 = Release|Any CPU
		{3D1F4877-0B9D-4D2E-BA55-2527FB5F6552}.Release|x64.ActiveCfg = Release|Any CPU
		{3D1F4877-0B9D-4D2E-BA55-2527FB5F6552}.Release|x64.Build.0 = Release|Any CPU
		{3D1F4877-0B9D-4D2E-BA55-2527FB5F6552}.Release|x86.ActiveCfg = Release|Any CPU
		{3D1F4877-0B9D-4D2E-BA55-2527FB5F6552}.Release|x86.Build.0 = Release|Any CPU
		{870C9AFF-CB82-4A6B-BB0B-7AE19B43A766}.Debug|Any CPU.ActiveCfg = Debug|Any CPU
		{870C9AFF-CB82-4A6B-BB0B-7AE19B43A766}.Debug|Any CPU.Build.0 = Debug|Any CPU
		{870C9AFF-CB82-4A6B-BB0B-7AE19B43A766}.Debug|x64.ActiveCfg = Debug|Any CPU
		{870C9AFF-CB82-4A6B-BB0B-7AE19B43A766}.Debug|x64.Build.0 = Debug|Any CPU
		{870C9AFF-CB82-4A6B-BB0B-7AE19B43A766}.Debug|x86.ActiveCfg = Debug|Any CPU
		{870C9AFF-CB82-4A6B-BB0B-7AE19B43A766}.Debug|x86.Build.0 = Debug|Any CPU
		{870C9AFF-CB82-4A6B-BB0B-7AE19B43A766}.Release|Any CPU.ActiveCfg = Release|Any CPU
		{870C9AFF-CB82-4A6B-BB0B-7AE19B43A766}.Release|Any CPU.Build.0 = Release|Any CPU
		{870C9AFF-CB82-4A6B-BB0B-7AE19B43A766}.Release|x64.ActiveCfg = Release|Any CPU
		{870C9AFF-CB82-4A6B-BB0B-7AE19B43A766}.Release|x64.Build.0 = Release|Any CPU
		{870C9AFF-CB82-4A6B-BB0B-7AE19B43A766}.Release|x86.ActiveCfg = Release|Any CPU
		{870C9AFF-CB82-4A6B-BB0B-7AE19B43A766}.Release|x86.Build.0 = Release|Any CPU
		{0159372E-46AA-4886-B346-4AA74B26D613}.Debug|Any CPU.ActiveCfg = Debug|Any CPU
		{0159372E-46AA-4886-B346-4AA74B26D613}.Debug|Any CPU.Build.0 = Debug|Any CPU
		{0159372E-46AA-4886-B346-4AA74B26D613}.Debug|x64.ActiveCfg = Debug|Any CPU
		{0159372E-46AA-4886-B346-4AA74B26D613}.Debug|x64.Build.0 = Debug|Any CPU
		{0159372E-46AA-4886-B346-4AA74B26D613}.Debug|x86.ActiveCfg = Debug|Any CPU
		{0159372E-46AA-4886-B346-4AA74B26D613}.Debug|x86.Build.0 = Debug|Any CPU
		{0159372E-46AA-4886-B346-4AA74B26D613}.Release|Any CPU.ActiveCfg = Release|Any CPU
		{0159372E-46AA-4886-B346-4AA74B26D613}.Release|Any CPU.Build.0 = Release|Any CPU
		{0159372E-46AA-4886-B346-4AA74B26D613}.Release|x64.ActiveCfg = Release|Any CPU
		{0159372E-46AA-4886-B346-4AA74B26D613}.Release|x64.Build.0 = Release|Any CPU
		{0159372E-46AA-4886-B346-4AA74B26D613}.Release|x86.ActiveCfg = Release|Any CPU
		{0159372E-46AA-4886-B346-4AA74B26D613}.Release|x86.Build.0 = Release|Any CPU
		{49ECE319-789D-4A0C-9CAF-D79CF6BFEB48}.Debug|Any CPU.ActiveCfg = Debug|Any CPU
		{49ECE319-789D-4A0C-9CAF-D79CF6BFEB48}.Debug|Any CPU.Build.0 = Debug|Any CPU
		{49ECE319-789D-4A0C-9CAF-D79CF6BFEB48}.Debug|x64.ActiveCfg = Debug|Any CPU
		{49ECE319-789D-4A0C-9CAF-D79CF6BFEB48}.Debug|x64.Build.0 = Debug|Any CPU
		{49ECE319-789D-4A0C-9CAF-D79CF6BFEB48}.Debug|x86.ActiveCfg = Debug|Any CPU
		{49ECE319-789D-4A0C-9CAF-D79CF6BFEB48}.Debug|x86.Build.0 = Debug|Any CPU
		{49ECE319-789D-4A0C-9CAF-D79CF6BFEB48}.Release|Any CPU.ActiveCfg = Release|Any CPU
		{49ECE319-789D-4A0C-9CAF-D79CF6BFEB48}.Release|Any CPU.Build.0 = Release|Any CPU
		{49ECE319-789D-4A0C-9CAF-D79CF6BFEB48}.Release|x64.ActiveCfg = Release|Any CPU
		{49ECE319-789D-4A0C-9CAF-D79CF6BFEB48}.Release|x64.Build.0 = Release|Any CPU
		{49ECE319-789D-4A0C-9CAF-D79CF6BFEB48}.Release|x86.ActiveCfg = Release|Any CPU
		{49ECE319-789D-4A0C-9CAF-D79CF6BFEB48}.Release|x86.Build.0 = Release|Any CPU
		{B04B040D-16F4-4B13-87FF-F3D5458192D9}.Debug|Any CPU.ActiveCfg = Debug|Any CPU
		{B04B040D-16F4-4B13-87FF-F3D5458192D9}.Debug|Any CPU.Build.0 = Debug|Any CPU
		{B04B040D-16F4-4B13-87FF-F3D5458192D9}.Debug|x64.ActiveCfg = Debug|Any CPU
		{B04B040D-16F4-4B13-87FF-F3D5458192D9}.Debug|x64.Build.0 = Debug|Any CPU
		{B04B040D-16F4-4B13-87FF-F3D5458192D9}.Debug|x86.ActiveCfg = Debug|Any CPU
		{B04B040D-16F4-4B13-87FF-F3D5458192D9}.Debug|x86.Build.0 = Debug|Any CPU
		{B04B040D-16F4-4B13-87FF-F3D5458192D9}.Release|Any CPU.ActiveCfg = Release|Any CPU
		{B04B040D-16F4-4B13-87FF-F3D5458192D9}.Release|Any CPU.Build.0 = Release|Any CPU
		{B04B040D-16F4-4B13-87FF-F3D5458192D9}.Release|x64.ActiveCfg = Release|Any CPU
		{B04B040D-16F4-4B13-87FF-F3D5458192D9}.Release|x64.Build.0 = Release|Any CPU
		{B04B040D-16F4-4B13-87FF-F3D5458192D9}.Release|x86.ActiveCfg = Release|Any CPU
		{B04B040D-16F4-4B13-87FF-F3D5458192D9}.Release|x86.Build.0 = Release|Any CPU
		{62247BA0-E3C7-40D9-9B45-059FF0861FED}.Debug|Any CPU.ActiveCfg = Debug|Any CPU
		{62247BA0-E3C7-40D9-9B45-059FF0861FED}.Debug|Any CPU.Build.0 = Debug|Any CPU
		{62247BA0-E3C7-40D9-9B45-059FF0861FED}.Debug|x64.ActiveCfg = Debug|Any CPU
		{62247BA0-E3C7-40D9-9B45-059FF0861FED}.Debug|x64.Build.0 = Debug|Any CPU
		{62247BA0-E3C7-40D9-9B45-059FF0861FED}.Debug|x86.ActiveCfg = Debug|Any CPU
		{62247BA0-E3C7-40D9-9B45-059FF0861FED}.Debug|x86.Build.0 = Debug|Any CPU
		{62247BA0-E3C7-40D9-9B45-059FF0861FED}.Release|Any CPU.ActiveCfg = Release|Any CPU
		{62247BA0-E3C7-40D9-9B45-059FF0861FED}.Release|Any CPU.Build.0 = Release|Any CPU
		{62247BA0-E3C7-40D9-9B45-059FF0861FED}.Release|x64.ActiveCfg = Release|Any CPU
		{62247BA0-E3C7-40D9-9B45-059FF0861FED}.Release|x64.Build.0 = Release|Any CPU
		{62247BA0-E3C7-40D9-9B45-059FF0861FED}.Release|x86.ActiveCfg = Release|Any CPU
		{62247BA0-E3C7-40D9-9B45-059FF0861FED}.Release|x86.Build.0 = Release|Any CPU
		{FCC36E30-BE04-4C70-A27E-6C34FB3DF99D}.Debug|Any CPU.ActiveCfg = Debug|Any CPU
		{FCC36E30-BE04-4C70-A27E-6C34FB3DF99D}.Debug|Any CPU.Build.0 = Debug|Any CPU
		{FCC36E30-BE04-4C70-A27E-6C34FB3DF99D}.Debug|x64.ActiveCfg = Debug|Any CPU
		{FCC36E30-BE04-4C70-A27E-6C34FB3DF99D}.Debug|x64.Build.0 = Debug|Any CPU
		{FCC36E30-BE04-4C70-A27E-6C34FB3DF99D}.Debug|x86.ActiveCfg = Debug|Any CPU
		{FCC36E30-BE04-4C70-A27E-6C34FB3DF99D}.Debug|x86.Build.0 = Debug|Any CPU
		{FCC36E30-BE04-4C70-A27E-6C34FB3DF99D}.Release|Any CPU.ActiveCfg = Release|Any CPU
		{FCC36E30-BE04-4C70-A27E-6C34FB3DF99D}.Release|Any CPU.Build.0 = Release|Any CPU
		{FCC36E30-BE04-4C70-A27E-6C34FB3DF99D}.Release|x64.ActiveCfg = Release|Any CPU
		{FCC36E30-BE04-4C70-A27E-6C34FB3DF99D}.Release|x64.Build.0 = Release|Any CPU
		{FCC36E30-BE04-4C70-A27E-6C34FB3DF99D}.Release|x86.ActiveCfg = Release|Any CPU
		{FCC36E30-BE04-4C70-A27E-6C34FB3DF99D}.Release|x86.Build.0 = Release|Any CPU
		{865C5B7C-FFB5-47EB-AE35-F02A3C5BB0D2}.Debug|Any CPU.ActiveCfg = Debug|Any CPU
		{865C5B7C-FFB5-47EB-AE35-F02A3C5BB0D2}.Debug|Any CPU.Build.0 = Debug|Any CPU
		{865C5B7C-FFB5-47EB-AE35-F02A3C5BB0D2}.Debug|x64.ActiveCfg = Debug|Any CPU
		{865C5B7C-FFB5-47EB-AE35-F02A3C5BB0D2}.Debug|x64.Build.0 = Debug|Any CPU
		{865C5B7C-FFB5-47EB-AE35-F02A3C5BB0D2}.Debug|x86.ActiveCfg = Debug|Any CPU
		{865C5B7C-FFB5-47EB-AE35-F02A3C5BB0D2}.Debug|x86.Build.0 = Debug|Any CPU
		{865C5B7C-FFB5-47EB-AE35-F02A3C5BB0D2}.Release|Any CPU.ActiveCfg = Release|Any CPU
		{865C5B7C-FFB5-47EB-AE35-F02A3C5BB0D2}.Release|Any CPU.Build.0 = Release|Any CPU
		{865C5B7C-FFB5-47EB-AE35-F02A3C5BB0D2}.Release|x64.ActiveCfg = Release|Any CPU
		{865C5B7C-FFB5-47EB-AE35-F02A3C5BB0D2}.Release|x64.Build.0 = Release|Any CPU
		{865C5B7C-FFB5-47EB-AE35-F02A3C5BB0D2}.Release|x86.ActiveCfg = Release|Any CPU
		{865C5B7C-FFB5-47EB-AE35-F02A3C5BB0D2}.Release|x86.Build.0 = Release|Any CPU
		{B7F2176C-B9F4-44B1-8DD5-369C5AEE41BB}.Debug|Any CPU.ActiveCfg = Debug|Any CPU
		{B7F2176C-B9F4-44B1-8DD5-369C5AEE41BB}.Debug|Any CPU.Build.0 = Debug|Any CPU
		{B7F2176C-B9F4-44B1-8DD5-369C5AEE41BB}.Debug|x64.ActiveCfg = Debug|Any CPU
		{B7F2176C-B9F4-44B1-8DD5-369C5AEE41BB}.Debug|x64.Build.0 = Debug|Any CPU
		{B7F2176C-B9F4-44B1-8DD5-369C5AEE41BB}.Debug|x86.ActiveCfg = Debug|Any CPU
		{B7F2176C-B9F4-44B1-8DD5-369C5AEE41BB}.Debug|x86.Build.0 = Debug|Any CPU
		{B7F2176C-B9F4-44B1-8DD5-369C5AEE41BB}.Release|Any CPU.ActiveCfg = Release|Any CPU
		{B7F2176C-B9F4-44B1-8DD5-369C5AEE41BB}.Release|Any CPU.Build.0 = Release|Any CPU
		{B7F2176C-B9F4-44B1-8DD5-369C5AEE41BB}.Release|x64.ActiveCfg = Release|Any CPU
		{B7F2176C-B9F4-44B1-8DD5-369C5AEE41BB}.Release|x64.Build.0 = Release|Any CPU
		{B7F2176C-B9F4-44B1-8DD5-369C5AEE41BB}.Release|x86.ActiveCfg = Release|Any CPU
		{B7F2176C-B9F4-44B1-8DD5-369C5AEE41BB}.Release|x86.Build.0 = Release|Any CPU
	EndGlobalSection
	GlobalSection(SolutionProperties) = preSolution
		HideSolutionNode = FALSE
	EndGlobalSection
	GlobalSection(ExtensibilityGlobals) = postSolution
		SolutionGuid = {E6ECA210-1B2F-4011-A34A-7E9D2CC4721F}
	EndGlobalSection
EndGlobal
